
Microsoft Visual Studio Solution File, Format Version 12.00
# Visual Studio Version 17
VisualStudioVersion = 17.1.32414.318
MinimumVisualStudioVersion = 10.0.40219.1
Project("{FAE04EC0-301F-11D3-BF4B-00C04F79EFBC}") = "Task-5", "Task-5.csproj", "{81B7DE16-DF5A-4672-92B1-FF7D79653E2B}"
EndProject
Global
	GlobalSection(SolutionConfigurationPlatforms) = preSolution
		Debug|Any CPU = Debug|Any CPU
		Release|Any CPU = Release|Any CPU
	EndGlobalSection
	GlobalSection(ProjectConfigurationPlatforms) = postSolution
		{81B7DE16-DF5A-4672-92B1-FF7D79653E2B}.Debug|Any CPU.ActiveCfg = Debug|Any CPU
		{81B7DE16-DF5A-4672-92B1-FF7D79653E2B}.Debug|Any CPU.Build.0 = Debug|Any CPU
		{81B7DE16-DF5A-4672-92B1-FF7D79653E2B}.Release|Any CPU.ActiveCfg = Release|Any CPU
		{81B7DE16-DF5A-4672-92B1-FF7D79653E2B}.Release|Any CPU.Build.0 = Release|Any CPU
	EndGlobalSection
	GlobalSection(SolutionProperties) = preSolution
		HideSolutionNode = FALSE
	EndGlobalSection
	GlobalSection(ExtensibilityGlobals) = postSolution
		SolutionGuid = {CE8437C0-DA58-4F04-A582-93D7F4599253}
	EndGlobalSection
EndGlobal
